
Microsoft Visual Studio Solution File, Format Version 12.00
# Visual Studio 15
VisualStudioVersion = 15.0.28307.168
MinimumVisualStudioVersion = 10.0.40219.1
Project("{FAE04EC0-301F-11D3-BF4B-00C04F79EFBC}") = "Phoneword.Android", "Phoneword\Phoneword.Android\Phoneword.Android.csproj", "{7541D811-4E53-41DA-B0CF-308D14D0035B}"
EndProject
Project("{FAE04EC0-301F-11D3-BF4B-00C04F79EFBC}") = "Phoneword.iOS", "Phoneword\Phoneword.iOS\Phoneword.iOS.csproj", "{323BD435-6D45-4DC6-B6CE-8EECF484711B}"
EndProject
Project("{FAE04EC0-301F-11D3-BF4B-00C04F79EFBC}") = "Phoneword", "Phoneword\Phoneword\Phoneword.csproj", "{63CC1B39-F222-49A6-B4D6-28C29AEC92E0}"
EndProject
Global
	GlobalSection(SolutionConfigurationPlatforms) = preSolution
		Ad-Hoc|Any CPU = Ad-Hoc|Any CPU
		Ad-Hoc|iPhone = Ad-Hoc|iPhone
		Ad-Hoc|iPhoneSimulator = Ad-Hoc|iPhoneSimulator
		AppStore|Any CPU = AppStore|Any CPU
		AppStore|iPhone = AppStore|iPhone
		AppStore|iPhoneSimulator = AppStore|iPhoneSimulator
		Debug|Any CPU = Debug|Any CPU
		Debug|iPhone = Debug|iPhone
		Debug|iPhoneSimulator = Debug|iPhoneSimulator
		Release|Any CPU = Release|Any CPU
		Release|iPhone = Release|iPhone
		Release|iPhoneSimulator = Release|iPhoneSimulator
	EndGlobalSection
	GlobalSection(ProjectConfigurationPlatforms) = postSolution
		{7541D811-4E53-41DA-B0CF-308D14D0035B}.Ad-Hoc|Any CPU.ActiveCfg = Release|Any CPU
		{7541D811-4E53-41DA-B0CF-308D14D0035B}.Ad-Hoc|Any CPU.Build.0 = Release|Any CPU
		{7541D811-4E53-41DA-B0CF-308D14D0035B}.Ad-Hoc|Any CPU.Deploy.0 = Release|Any CPU
		{7541D811-4E53-41DA-B0CF-308D14D0035B}.Ad-Hoc|iPhone.ActiveCfg = Release|Any CPU
		{7541D811-4E53-41DA-B0CF-308D14D0035B}.Ad-Hoc|iPhone.Build.0 = Release|Any CPU
		{7541D811-4E53-41DA-B0CF-308D14D0035B}.Ad-Hoc|iPhone.Deploy.0 = Release|Any CPU
		{7541D811-4E53-41DA-B0CF-308D14D0035B}.Ad-Hoc|iPhoneSimulator.ActiveCfg = Release|Any CPU
		{7541D811-4E53-41DA-B0CF-308D14D0035B}.Ad-Hoc|iPhoneSimulator.Build.0 = Release|Any CPU
		{7541D811-4E53-41DA-B0CF-308D14D0035B}.Ad-Hoc|iPhoneSimulator.Deploy.0 = Release|Any CPU
		{7541D811-4E53-41DA-B0CF-308D14D0035B}.AppStore|Any CPU.ActiveCfg = Release|Any CPU
		{7541D811-4E53-41DA-B0CF-308D14D0035B}.AppStore|Any CPU.Build.0 = Release|Any CPU
		{7541D811-4E53-41DA-B0CF-308D14D0035B}.AppStore|Any CPU.Deploy.0 = Release|Any CPU
		{7541D811-4E53-41DA-B0CF-308D14D0035B}.AppStore|iPhone.ActiveCfg = Release|Any CPU
		{7541D811-4E53-41DA-B0CF-308D14D0035B}.AppStore|iPhone.Build.0 = Release|Any CPU
		{7541D811-4E53-41DA-B0CF-308D14D0035B}.AppStore|iPhone.Deploy.0 = Release|Any CPU
		{7541D811-4E53-41DA-B0CF-308D14D0035B}.AppStore|iPhoneSimulator.ActiveCfg = Release|Any CPU
		{7541D811-4E53-41DA-B0CF-308D14D0035B}.AppStore|iPhoneSimulator.Build.0 = Release|Any CPU
		{7541D811-4E53-41DA-B0CF-308D14D0035B}.AppStore|iPhoneSimulator.Deploy.0 = Release|Any CPU
		{7541D811-4E53-41DA-B0CF-308D14D0035B}.Debug|Any CPU.ActiveCfg = Debug|Any CPU
		{7541D811-4E53-41DA-B0CF-308D14D0035B}.Debug|Any CPU.Build.0 = Debug|Any CPU
		{7541D811-4E53-41DA-B0CF-308D14D0035B}.Debug|Any CPU.Deploy.0 = Debug|Any CPU
		{7541D811-4E53-41DA-B0CF-308D14D0035B}.Debug|iPhone.ActiveCfg = Debug|Any CPU
		{7541D811-4E53-41DA-B0CF-308D14D0035B}.Debug|iPhone.Build.0 = Debug|Any CPU
		{7541D811-4E53-41DA-B0CF-308D14D0035B}.Debug|iPhone.Deploy.0 = Debug|Any CPU
		{7541D811-4E53-41DA-B0CF-308D14D0035B}.Debug|iPhoneSimulator.ActiveCfg = Debug|Any CPU
		{7541D811-4E53-41DA-B0CF-308D14D0035B}.Debug|iPhoneSimulator.Build.0 = Debug|Any CPU
		{7541D811-4E53-41DA-B0CF-308D14D0035B}.Debug|iPhoneSimulator.Deploy.0 = Debug|Any CPU
		{7541D811-4E53-41DA-B0CF-308D14D0035B}.Release|Any CPU.ActiveCfg = Release|Any CPU
		{7541D811-4E53-41DA-B0CF-308D14D0035B}.Release|Any CPU.Build.0 = Release|Any CPU
		{7541D811-4E53-41DA-B0CF-308D14D0035B}.Release|Any CPU.Deploy.0 = Release|Any CPU
		{7541D811-4E53-41DA-B0CF-308D14D0035B}.Release|iPhone.ActiveCfg = Release|Any CPU
		{7541D811-4E53-41DA-B0CF-308D14D0035B}.Release|iPhone.Build.0 = Release|Any CPU
		{7541D811-4E53-41DA-B0CF-308D14D0035B}.Release|iPhone.Deploy.0 = Release|Any CPU
		{7541D811-4E53-41DA-B0CF-308D14D0035B}.Release|iPhoneSimulator.ActiveCfg = Release|Any CPU
		{7541D811-4E53-41DA-B0CF-308D14D0035B}.Release|iPhoneSimulator.Build.0 = Release|Any CPU
		{7541D811-4E53-41DA-B0CF-308D14D0035B}.Release|iPhoneSimulator.Deploy.0 = Release|Any CPU
		{323BD435-6D45-4DC6-B6CE-8EECF484711B}.Ad-Hoc|Any CPU.ActiveCfg = Ad-Hoc|iPhone
		{323BD435-6D45-4DC6-B6CE-8EECF484711B}.Ad-Hoc|Any CPU.Build.0 = Ad-Hoc|iPhone
		{323BD435-6D45-4DC6-B6CE-8EECF484711B}.Ad-Hoc|Any CPU.Deploy.0 = Ad-Hoc|iPhone
		{323BD435-6D45-4DC6-B6CE-8EECF484711B}.Ad-Hoc|iPhone.ActiveCfg = Ad-Hoc|iPhone
		{323BD435-6D45-4DC6-B6CE-8EECF484711B}.Ad-Hoc|iPhone.Build.0 = Ad-Hoc|iPhone
		{323BD435-6D45-4DC6-B6CE-8EECF484711B}.Ad-Hoc|iPhone.Deploy.0 = Ad-Hoc|iPhone
		{323BD435-6D45-4DC6-B6CE-8EECF484711B}.Ad-Hoc|iPhoneSimulator.ActiveCfg = Ad-Hoc|iPhoneSimulator
		{323BD435-6D45-4DC6-B6CE-8EECF484711B}.Ad-Hoc|iPhoneSimulator.Build.0 = Ad-Hoc|iPhoneSimulator
		{323BD435-6D45-4DC6-B6CE-8EECF484711B}.Ad-Hoc|iPhoneSimulator.Deploy.0 = Ad-Hoc|iPhoneSimulator
		{323BD435-6D45-4DC6-B6CE-8EECF484711B}.AppStore|Any CPU.ActiveCfg = AppStore|iPhone
		{323BD435-6D45-4DC6-B6CE-8EECF484711B}.AppStore|Any CPU.Build.0 = AppStore|iPhone
		{323BD435-6D45-4DC6-B6CE-8EECF484711B}.AppStore|Any CPU.Deploy.0 = AppStore|iPhone
		{323BD435-6D45-4DC6-B6CE-8EECF484711B}.AppStore|iPhone.ActiveCfg = AppStore|iPhone
		{323BD435-6D45-4DC6-B6CE-8EECF484711B}.AppStore|iPhone.Build.0 = AppStore|iPhone
		{323BD435-6D45-4DC6-B6CE-8EECF484711B}.AppStore|iPhone.Deploy.0 = AppStore|iPhone
		{323BD435-6D45-4DC6-B6CE-8EECF484711B}.AppStore|iPhoneSimulator.ActiveCfg = AppStore|iPhoneSimulator
		{323BD435-6D45-4DC6-B6CE-8EECF484711B}.AppStore|iPhoneSimulator.Build.0 = AppStore|iPhoneSimulator
		{323BD435-6D45-4DC6-B6CE-8EECF484711B}.AppStore|iPhoneSimulator.Deploy.0 = AppStore|iPhoneSimulator
		{323BD435-6D45-4DC6-B6CE-8EECF484711B}.Debug|Any CPU.ActiveCfg = Debug|iPhoneSimulator
		{323BD435-6D45-4DC6-B6CE-8EECF484711B}.Debug|Any CPU.Build.0 = Debug|iPhoneSimulator
		{323BD435-6D45-4DC6-B6CE-8EECF484711B}.Debug|Any CPU.Deploy.0 = Debug|iPhoneSimulator
		{323BD435-6D45-4DC6-B6CE-8EECF484711B}.Debug|iPhone.ActiveCfg = Debug|iPhone
		{323BD435-6D45-4DC6-B6CE-8EECF484711B}.Debug|iPhone.Build.0 = Debug|iPhone
		{323BD435-6D45-4DC6-B6CE-8EECF484711B}.Debug|iPhone.Deploy.0 = Debug|iPhone
		{323BD435-6D45-4DC6-B6CE-8EECF484711B}.Debug|iPhoneSimulator.ActiveCfg = Debug|iPhoneSimulator
		{323BD435-6D45-4DC6-B6CE-8EECF484711B}.Debug|iPhoneSimulator.Build.0 = Debug|iPhoneSimulator
		{323BD435-6D45-4DC6-B6CE-8EECF484711B}.Debug|iPhoneSimulator.Deploy.0 = Debug|iPhoneSimulator
		{323BD435-6D45-4DC6-B6CE-8EECF484711B}.Release|Any CPU.ActiveCfg = Release|iPhone
		{323BD435-6D45-4DC6-B6CE-8EECF484711B}.Release|Any CPU.Build.0 = Release|iPhone
		{323BD435-6D45-4DC6-B6CE-8EECF484711B}.Release|Any CPU.Deploy.0 = Release|iPhone
		{323BD435-6D45-4DC6-B6CE-8EECF484711B}.Release|iPhone.ActiveCfg = Release|iPhone
		{323BD435-6D45-4DC6-B6CE-8EECF484711B}.Release|iPhone.Build.0 = Release|iPhone
		{323BD435-6D45-4DC6-B6CE-8EECF484711B}.Release|iPhone.Deploy.0 = Release|iPhone
		{323BD435-6D45-4DC6-B6CE-8EECF484711B}.Release|iPhoneSimulator.ActiveCfg = Release|iPhoneSimulator
		{323BD435-6D45-4DC6-B6CE-8EECF484711B}.Release|iPhoneSimulator.Build.0 = Release|iPhoneSimulator
		{323BD435-6D45-4DC6-B6CE-8EECF484711B}.Release|iPhoneSimulator.Deploy.0 = Release|iPhoneSimulator
		{63CC1B39-F222-49A6-B4D6-28C29AEC92E0}.Ad-Hoc|Any CPU.ActiveCfg = Debug|Any CPU
		{63CC1B39-F222-49A6-B4D6-28C29AEC92E0}.Ad-Hoc|Any CPU.Build.0 = Debug|Any CPU
		{63CC1B39-F222-49A6-B4D6-28C29AEC92E0}.Ad-Hoc|Any CPU.Deploy.0 = Debug|Any CPU
		{63CC1B39-F222-49A6-B4D6-28C29AEC92E0}.Ad-Hoc|iPhone.ActiveCfg = Debug|Any CPU
		{63CC1B39-F222-49A6-B4D6-28C29AEC92E0}.Ad-Hoc|iPhone.Build.0 = Debug|Any CPU
		{63CC1B39-F222-49A6-B4D6-28C29AEC92E0}.Ad-Hoc|iPhone.Deploy.0 = Debug|Any CPU
		{63CC1B39-F222-49A6-B4D6-28C29AEC92E0}.Ad-Hoc|iPhoneSimulator.ActiveCfg = Debug|Any CPU
		{63CC1B39-F222-49A6-B4D6-28C29AEC92E0}.Ad-Hoc|iPhoneSimulator.Build.0 = Debug|Any CPU
		{63CC1B39-F222-49A6-B4D6-28C29AEC92E0}.Ad-Hoc|iPhoneSimulator.Deploy.0 = Debug|Any CPU
		{63CC1B39-F222-49A6-B4D6-28C29AEC92E0}.AppStore|Any CPU.ActiveCfg = Debug|Any CPU
		{63CC1B39-F222-49A6-B4D6-28C29AEC92E0}.AppStore|Any CPU.Build.0 = Debug|Any CPU
		{63CC1B39-F222-49A6-B4D6-28C29AEC92E0}.AppStore|Any CPU.Deploy.0 = Debug|Any CPU
		{63CC1B39-F222-49A6-B4D6-28C29AEC92E0}.AppStore|iPhone.ActiveCfg = Debug|Any CPU
		{63CC1B39-F222-49A6-B4D6-28C29AEC92E0}.AppStore|iPhone.Build.0 = Debug|Any CPU
		{63CC1B39-F222-49A6-B4D6-28C29AEC92E0}.AppStore|iPhone.Deploy.0 = Debug|Any CPU
		{63CC1B39-F222-49A6-B4D6-28C29AEC92E0}.AppStore|iPhoneSimulator.ActiveCfg = Debug|Any CPU
		{63CC1B39-F222-49A6-B4D6-28C29AEC92E0}.AppStore|iPhoneSimulator.Build.0 = Debug|Any CPU
		{63CC1B39-F222-49A6-B4D6-28C29AEC92E0}.AppStore|iPhoneSimulator.Deploy.0 = Debug|Any CPU
		{63CC1B39-F222-49A6-B4D6-28C29AEC92E0}.Debug|Any CPU.ActiveCfg = Debug|Any CPU
		{63CC1B39-F222-49A6-B4D6-28C29AEC92E0}.Debug|Any CPU.Build.0 = Debug|Any CPU
		{63CC1B39-F222-49A6-B4D6-28C29AEC92E0}.Debug|Any CPU.Deploy.0 = Debug|Any CPU
		{63CC1B39-F222-49A6-B4D6-28C29AEC92E0}.Debug|iPhone.ActiveCfg = Debug|Any CPU
		{63CC1B39-F222-49A6-B4D6-28C29AEC92E0}.Debug|iPhone.Build.0 = Debug|Any CPU
		{63CC1B39-F222-49A6-B4D6-28C29AEC92E0}.Debug|iPhone.Deploy.0 = Debug|Any CPU
		{63CC1B39-F222-49A6-B4D6-28C29AEC92E0}.Debug|iPhoneSimulator.ActiveCfg = Debug|Any CPU
		{63CC1B39-F222-49A6-B4D6-28C29AEC92E0}.Debug|iPhoneSimulator.Build.0 = Debug|Any CPU
		{63CC1B39-F222-49A6-B4D6-28C29AEC92E0}.Debug|iPhoneSimulator.Deploy.0 = Debug|Any CPU
		{63CC1B39-F222-49A6-B4D6-28C29AEC92E0}.Release|Any CPU.ActiveCfg = Release|Any CPU
		{63CC1B39-F222-49A6-B4D6-28C29AEC92E0}.Release|Any CPU.Build.0 = Release|Any CPU
		{63CC1B39-F222-49A6-B4D6-28C29AEC92E0}.Release|Any CPU.Deploy.0 = Release|Any CPU
		{63CC1B39-F222-49A6-B4D6-28C29AEC92E0}.Release|iPhone.ActiveCfg = Release|Any CPU
		{63CC1B39-F222-49A6-B4D6-28C29AEC92E0}.Release|iPhone.Build.0 = Release|Any CPU
		{63CC1B39-F222-49A6-B4D6-28C29AEC92E0}.Release|iPhone.Deploy.0 = Release|Any CPU
		{63CC1B39-F222-49A6-B4D6-28C29AEC92E0}.Release|iPhoneSimulator.ActiveCfg = Release|Any CPU
		{63CC1B39-F222-49A6-B4D6-28C29AEC92E0}.Release|iPhoneSimulator.Build.0 = Release|Any CPU
		{63CC1B39-F222-49A6-B4D6-28C29AEC92E0}.Release|iPhoneSimulator.Deploy.0 = Release|Any CPU
	EndGlobalSection
	GlobalSection(SolutionProperties) = preSolution
		HideSolutionNode = FALSE
	EndGlobalSection
	GlobalSection(ExtensibilityGlobals) = postSolution
		SolutionGuid = {6948D3C4-439A-4092-90E3-B08E24B575EA}
	EndGlobalSection
EndGlobal
